
Microsoft Visual Studio Solution File, Format Version 12.00
# Visual Studio Version 17
VisualStudioVersion = 17.9.34728.123
MinimumVisualStudioVersion = 10.0.40219.1
Project("{FAE04EC0-301F-11D3-BF4B-00C04F79EFBC}") = "System_Programming_1", "System_Programming_1\System_Programming_1.csproj", "{2F6A2071-FF92-4F66-B808-C84106E144A4}"
EndProject
Global
	GlobalSection(SolutionConfigurationPlatforms) = preSolution
		Debug|Any CPU = Debug|Any CPU
		Release|Any CPU = Release|Any CPU
	EndGlobalSection
	GlobalSection(ProjectConfigurationPlatforms) = postSolution
		{2F6A2071-FF92-4F66-B808-C84106E144A4}.Debug|Any CPU.ActiveCfg = Debug|Any CPU
		{2F6A2071-FF92-4F66-B808-C84106E144A4}.Debug|Any CPU.Build.0 = Debug|Any CPU
		{2F6A2071-FF92-4F66-B808-C84106E144A4}.Release|Any CPU.ActiveCfg = Release|Any CPU
		{2F6A2071-FF92-4F66-B808-C84106E144A4}.Release|Any CPU.Build.0 = Release|Any CPU
	EndGlobalSection
	GlobalSection(SolutionProperties) = preSolution
		HideSolutionNode = FALSE
	EndGlobalSection
	GlobalSection(ExtensibilityGlobals) = postSolution
		SolutionGuid = {809A9A98-B0B6-4017-91EB-7D3BAF79DC48}
	EndGlobalSection
EndGlobal
